
Microsoft Visual Studio Solution File, Format Version 12.00
# Visual Studio Version 17
VisualStudioVersion = 17.4.33103.184
MinimumVisualStudioVersion = 10.0.40219.1
Project("{FAE04EC0-301F-11D3-BF4B-00C04F79EFBC}") = "Aula46_Membros_Estatico_pt01", "Aula46_Membros_Estatico_pt01\Aula46_Membros_Estatico_pt01.csproj", "{338D446B-44AB-4E30-AC79-4FE0120126AE}"
EndProject
Global
	GlobalSection(SolutionConfigurationPlatforms) = preSolution
		Debug|Any CPU = Debug|Any CPU
		Release|Any CPU = Release|Any CPU
	EndGlobalSection
	GlobalSection(ProjectConfigurationPlatforms) = postSolution
		{338D446B-44AB-4E30-AC79-4FE0120126AE}.Debug|Any CPU.ActiveCfg = Debug|Any CPU
		{338D446B-44AB-4E30-AC79-4FE0120126AE}.Debug|Any CPU.Build.0 = Debug|Any CPU
		{338D446B-44AB-4E30-AC79-4FE0120126AE}.Release|Any CPU.ActiveCfg = Release|Any CPU
		{338D446B-44AB-4E30-AC79-4FE0120126AE}.Release|Any CPU.Build.0 = Release|Any CPU
	EndGlobalSection
	GlobalSection(SolutionProperties) = preSolution
		HideSolutionNode = FALSE
	EndGlobalSection
	GlobalSection(ExtensibilityGlobals) = postSolution
		SolutionGuid = {1EA3F0A4-585F-4C32-B668-8604135A95DB}
	EndGlobalSection
EndGlobal
