
Microsoft Visual Studio Solution File, Format Version 12.00
# Visual Studio Version 17
VisualStudioVersion = 17.4.33103.184
MinimumVisualStudioVersion = 10.0.40219.1
Project("{FAE04EC0-301F-11D3-BF4B-00C04F79EFBC}") = "Aula72_modificador_params", "Aula72_modificador_params\Aula72_modificador_params.csproj", "{0229D44C-3871-467A-9D35-18528BE5A9FF}"
EndProject
Global
	GlobalSection(SolutionConfigurationPlatforms) = preSolution
		Debug|Any CPU = Debug|Any CPU
		Release|Any CPU = Release|Any CPU
	EndGlobalSection
	GlobalSection(ProjectConfigurationPlatforms) = postSolution
		{0229D44C-3871-467A-9D35-18528BE5A9FF}.Debug|Any CPU.ActiveCfg = Debug|Any CPU
		{0229D44C-3871-467A-9D35-18528BE5A9FF}.Debug|Any CPU.Build.0 = Debug|Any CPU
		{0229D44C-3871-467A-9D35-18528BE5A9FF}.Release|Any CPU.ActiveCfg = Release|Any CPU
		{0229D44C-3871-467A-9D35-18528BE5A9FF}.Release|Any CPU.Build.0 = Release|Any CPU
	EndGlobalSection
	GlobalSection(SolutionProperties) = preSolution
		HideSolutionNode = FALSE
	EndGlobalSection
	GlobalSection(ExtensibilityGlobals) = postSolution
		SolutionGuid = {AD387FED-E1F3-4D1A-ACC7-493F56B4261F}
	EndGlobalSection
EndGlobal
