
Microsoft Visual Studio Solution File, Format Version 12.00
# Visual Studio Version 17
VisualStudioVersion = 17.4.33103.184
MinimumVisualStudioVersion = 10.0.40219.1
Project("{FAE04EC0-301F-11D3-BF4B-00C04F79EFBC}") = "Aula142_ex_proposto_heranca_polimorfismo", "Aula142_ex_proposto_heranca_polimorfismo\Aula142_ex_proposto_heranca_polimorfismo.csproj", "{EB6F434D-6ED6-4FF7-AF63-31DF2C2EA907}"
EndProject
Global
	GlobalSection(SolutionConfigurationPlatforms) = preSolution
		Debug|Any CPU = Debug|Any CPU
		Release|Any CPU = Release|Any CPU
	EndGlobalSection
	GlobalSection(ProjectConfigurationPlatforms) = postSolution
		{EB6F434D-6ED6-4FF7-AF63-31DF2C2EA907}.Debug|Any CPU.ActiveCfg = Debug|Any CPU
		{EB6F434D-6ED6-4FF7-AF63-31DF2C2EA907}.Debug|Any CPU.Build.0 = Debug|Any CPU
		{EB6F434D-6ED6-4FF7-AF63-31DF2C2EA907}.Release|Any CPU.ActiveCfg = Release|Any CPU
		{EB6F434D-6ED6-4FF7-AF63-31DF2C2EA907}.Release|Any CPU.Build.0 = Release|Any CPU
	EndGlobalSection
	GlobalSection(SolutionProperties) = preSolution
		HideSolutionNode = FALSE
	EndGlobalSection
	GlobalSection(ExtensibilityGlobals) = postSolution
		SolutionGuid = {A70EE03E-6F45-477E-A1D7-83591D970939}
	EndGlobalSection
EndGlobal
