
Microsoft Visual Studio Solution File, Format Version 12.00
# Visual Studio Version 17
VisualStudioVersion = 17.4.33103.184
MinimumVisualStudioVersion = 10.0.40219.1
Project("{FAE04EC0-301F-11D3-BF4B-00C04F79EFBC}") = "Aula197_Bloco_using", "Aula197_Bloco_using\Aula197_Bloco_using.csproj", "{021996FE-79A3-48E2-9C95-92C0C24968BA}"
EndProject
Global
	GlobalSection(SolutionConfigurationPlatforms) = preSolution
		Debug|Any CPU = Debug|Any CPU
		Release|Any CPU = Release|Any CPU
	EndGlobalSection
	GlobalSection(ProjectConfigurationPlatforms) = postSolution
		{021996FE-79A3-48E2-9C95-92C0C24968BA}.Debug|Any CPU.ActiveCfg = Debug|Any CPU
		{021996FE-79A3-48E2-9C95-92C0C24968BA}.Debug|Any CPU.Build.0 = Debug|Any CPU
		{021996FE-79A3-48E2-9C95-92C0C24968BA}.Release|Any CPU.ActiveCfg = Release|Any CPU
		{021996FE-79A3-48E2-9C95-92C0C24968BA}.Release|Any CPU.Build.0 = Release|Any CPU
	EndGlobalSection
	GlobalSection(SolutionProperties) = preSolution
		HideSolutionNode = FALSE
	EndGlobalSection
	GlobalSection(ExtensibilityGlobals) = postSolution
		SolutionGuid = {E5E67801-F618-43F4-9D9D-FA73B5E34238}
	EndGlobalSection
EndGlobal
