
Microsoft Visual Studio Solution File, Format Version 12.00
# Visual Studio Version 17
VisualStudioVersion = 17.4.33103.184
MinimumVisualStudioVersion = 10.0.40219.1
Project("{FAE04EC0-301F-11D3-BF4B-00C04F79EFBC}") = "Aula208_ex_fixacao", "Aula208_ex_fixacao\Aula208_ex_fixacao.csproj", "{93127457-4DEB-4EB9-ABF3-374B3FDAEDD0}"
EndProject
Global
	GlobalSection(SolutionConfigurationPlatforms) = preSolution
		Debug|Any CPU = Debug|Any CPU
		Release|Any CPU = Release|Any CPU
	EndGlobalSection
	GlobalSection(ProjectConfigurationPlatforms) = postSolution
		{93127457-4DEB-4EB9-ABF3-374B3FDAEDD0}.Debug|Any CPU.ActiveCfg = Debug|Any CPU
		{93127457-4DEB-4EB9-ABF3-374B3FDAEDD0}.Debug|Any CPU.Build.0 = Debug|Any CPU
		{93127457-4DEB-4EB9-ABF3-374B3FDAEDD0}.Release|Any CPU.ActiveCfg = Release|Any CPU
		{93127457-4DEB-4EB9-ABF3-374B3FDAEDD0}.Release|Any CPU.Build.0 = Release|Any CPU
	EndGlobalSection
	GlobalSection(SolutionProperties) = preSolution
		HideSolutionNode = FALSE
	EndGlobalSection
	GlobalSection(ExtensibilityGlobals) = postSolution
		SolutionGuid = {FF140999-4AAB-4972-A2A6-822A88F15D9A}
	EndGlobalSection
EndGlobal
