
Microsoft Visual Studio Solution File, Format Version 12.00
# Visual Studio Version 17
VisualStudioVersion = 17.4.33103.184
MinimumVisualStudioVersion = 10.0.40219.1
Project("{FAE04EC0-301F-11D3-BF4B-00C04F79EFBC}") = "Aula70_vetores_pt2", "Aula70_vetores_pt2\Aula70_vetores_pt2.csproj", "{D853E89F-9E6A-4CF1-A3F2-280A94DCDDB0}"
EndProject
Global
	GlobalSection(SolutionConfigurationPlatforms) = preSolution
		Debug|Any CPU = Debug|Any CPU
		Release|Any CPU = Release|Any CPU
	EndGlobalSection
	GlobalSection(ProjectConfigurationPlatforms) = postSolution
		{D853E89F-9E6A-4CF1-A3F2-280A94DCDDB0}.Debug|Any CPU.ActiveCfg = Debug|Any CPU
		{D853E89F-9E6A-4CF1-A3F2-280A94DCDDB0}.Debug|Any CPU.Build.0 = Debug|Any CPU
		{D853E89F-9E6A-4CF1-A3F2-280A94DCDDB0}.Release|Any CPU.ActiveCfg = Release|Any CPU
		{D853E89F-9E6A-4CF1-A3F2-280A94DCDDB0}.Release|Any CPU.Build.0 = Release|Any CPU
	EndGlobalSection
	GlobalSection(SolutionProperties) = preSolution
		HideSolutionNode = FALSE
	EndGlobalSection
	GlobalSection(ExtensibilityGlobals) = postSolution
		SolutionGuid = {A271F696-23BA-4752-973C-86399F4C37C9}
	EndGlobalSection
EndGlobal
