
Microsoft Visual Studio Solution File, Format Version 12.00
# Visual Studio Version 17
VisualStudioVersion = 17.4.33103.184
MinimumVisualStudioVersion = 10.0.40219.1
Project("{FAE04EC0-301F-11D3-BF4B-00C04F79EFBC}") = "Aula146_ex_proposto_metodos_abstrato", "Aula146_ex_proposto_metodos_abstrato\Aula146_ex_proposto_metodos_abstrato.csproj", "{5EFFC80C-F2B3-4CF1-A7D4-BCFEC014F6A8}"
EndProject
Global
	GlobalSection(SolutionConfigurationPlatforms) = preSolution
		Debug|Any CPU = Debug|Any CPU
		Release|Any CPU = Release|Any CPU
	EndGlobalSection
	GlobalSection(ProjectConfigurationPlatforms) = postSolution
		{5EFFC80C-F2B3-4CF1-A7D4-BCFEC014F6A8}.Debug|Any CPU.ActiveCfg = Debug|Any CPU
		{5EFFC80C-F2B3-4CF1-A7D4-BCFEC014F6A8}.Debug|Any CPU.Build.0 = Debug|Any CPU
		{5EFFC80C-F2B3-4CF1-A7D4-BCFEC014F6A8}.Release|Any CPU.ActiveCfg = Release|Any CPU
		{5EFFC80C-F2B3-4CF1-A7D4-BCFEC014F6A8}.Release|Any CPU.Build.0 = Release|Any CPU
	EndGlobalSection
	GlobalSection(SolutionProperties) = preSolution
		HideSolutionNode = FALSE
	EndGlobalSection
	GlobalSection(ExtensibilityGlobals) = postSolution
		SolutionGuid = {469C85D1-16EC-4F71-B042-78EF64F1695E}
	EndGlobalSection
EndGlobal
