
Microsoft Visual Studio Solution File, Format Version 12.00
# Visual Studio Version 17
VisualStudioVersion = 17.4.33103.184
MinimumVisualStudioVersion = 10.0.40219.1
Project("{FAE04EC0-301F-11D3-BF4B-00C04F79EFBC}") = "Aula38_problema_sem_poo", "Aula38_problema_sem_poo\Aula38_problema_sem_poo.csproj", "{D92E7A9F-97CB-4CA4-9860-0104C1095AE9}"
EndProject
Global
	GlobalSection(SolutionConfigurationPlatforms) = preSolution
		Debug|Any CPU = Debug|Any CPU
		Release|Any CPU = Release|Any CPU
	EndGlobalSection
	GlobalSection(ProjectConfigurationPlatforms) = postSolution
		{D92E7A9F-97CB-4CA4-9860-0104C1095AE9}.Debug|Any CPU.ActiveCfg = Debug|Any CPU
		{D92E7A9F-97CB-4CA4-9860-0104C1095AE9}.Debug|Any CPU.Build.0 = Debug|Any CPU
		{D92E7A9F-97CB-4CA4-9860-0104C1095AE9}.Release|Any CPU.ActiveCfg = Release|Any CPU
		{D92E7A9F-97CB-4CA4-9860-0104C1095AE9}.Release|Any CPU.Build.0 = Release|Any CPU
	EndGlobalSection
	GlobalSection(SolutionProperties) = preSolution
		HideSolutionNode = FALSE
	EndGlobalSection
	GlobalSection(ExtensibilityGlobals) = postSolution
		SolutionGuid = {E2B8B3B1-D864-4A51-9E8B-5DCD31487783}
	EndGlobalSection
EndGlobal
