
Microsoft Visual Studio Solution File, Format Version 12.00
# Visual Studio Version 17
VisualStudioVersion = 17.4.33103.184
MinimumVisualStudioVersion = 10.0.40219.1
Project("{FAE04EC0-301F-11D3-BF4B-00C04F79EFBC}") = "Aula213_problema_motivador_reuso_01", "Aula213_problema_motivador_reuso_01\Aula213_problema_motivador_reuso_01.csproj", "{76EAC4A8-F346-4C37-B0F2-D12A1488049D}"
EndProject
Global
	GlobalSection(SolutionConfigurationPlatforms) = preSolution
		Debug|Any CPU = Debug|Any CPU
		Release|Any CPU = Release|Any CPU
	EndGlobalSection
	GlobalSection(ProjectConfigurationPlatforms) = postSolution
		{76EAC4A8-F346-4C37-B0F2-D12A1488049D}.Debug|Any CPU.ActiveCfg = Debug|Any CPU
		{76EAC4A8-F346-4C37-B0F2-D12A1488049D}.Debug|Any CPU.Build.0 = Debug|Any CPU
		{76EAC4A8-F346-4C37-B0F2-D12A1488049D}.Release|Any CPU.ActiveCfg = Release|Any CPU
		{76EAC4A8-F346-4C37-B0F2-D12A1488049D}.Release|Any CPU.Build.0 = Release|Any CPU
	EndGlobalSection
	GlobalSection(SolutionProperties) = preSolution
		HideSolutionNode = FALSE
	EndGlobalSection
	GlobalSection(ExtensibilityGlobals) = postSolution
		SolutionGuid = {CBC00A1A-CD38-4425-AE9A-140B7994C216}
	EndGlobalSection
EndGlobal
