
Microsoft Visual Studio Solution File, Format Version 12.00
# Visual Studio Version 17
VisualStudioVersion = 17.4.33103.184
MinimumVisualStudioVersion = 10.0.40219.1
Project("{FAE04EC0-301F-11D3-BF4B-00C04F79EFBC}") = "Aula42_segundo_proble_ex", "Aula42_segundo_proble_ex\Aula42_segundo_proble_ex.csproj", "{7831C5EF-5B4E-47FA-855E-1B22E26566AC}"
EndProject
Global
	GlobalSection(SolutionConfigurationPlatforms) = preSolution
		Debug|Any CPU = Debug|Any CPU
		Release|Any CPU = Release|Any CPU
	EndGlobalSection
	GlobalSection(ProjectConfigurationPlatforms) = postSolution
		{7831C5EF-5B4E-47FA-855E-1B22E26566AC}.Debug|Any CPU.ActiveCfg = Debug|Any CPU
		{7831C5EF-5B4E-47FA-855E-1B22E26566AC}.Debug|Any CPU.Build.0 = Debug|Any CPU
		{7831C5EF-5B4E-47FA-855E-1B22E26566AC}.Release|Any CPU.ActiveCfg = Release|Any CPU
		{7831C5EF-5B4E-47FA-855E-1B22E26566AC}.Release|Any CPU.Build.0 = Release|Any CPU
	EndGlobalSection
	GlobalSection(SolutionProperties) = preSolution
		HideSolutionNode = FALSE
	EndGlobalSection
	GlobalSection(ExtensibilityGlobals) = postSolution
		SolutionGuid = {327D6536-76F3-4DFC-909A-8B82DFC244B8}
	EndGlobalSection
EndGlobal
